
Microsoft Visual Studio Solution File, Format Version 12.00
# Visual Studio Version 17
VisualStudioVersion = 17.14.36511.14 d17.14
MinimumVisualStudioVersion = 10.0.40219.1
Project("{FAE04EC0-301F-11D3-BF4B-00C04F79EFBC}") = "projetocadastro", "projetocadastro\projetocadastro.csproj", "{3A514E02-6635-4B5C-9CCB-009C3B8C362C}"
EndProject
Global
	GlobalSection(SolutionConfigurationPlatforms) = preSolution
		Debug|Any CPU = Debug|Any CPU
		Release|Any CPU = Release|Any CPU
	EndGlobalSection
	GlobalSection(ProjectConfigurationPlatforms) = postSolution
		{3A514E02-6635-4B5C-9CCB-009C3B8C362C}.Debug|Any CPU.ActiveCfg = Debug|Any CPU
		{3A514E02-6635-4B5C-9CCB-009C3B8C362C}.Debug|Any CPU.Build.0 = Debug|Any CPU
		{3A514E02-6635-4B5C-9CCB-009C3B8C362C}.Release|Any CPU.ActiveCfg = Release|Any CPU
		{3A514E02-6635-4B5C-9CCB-009C3B8C362C}.Release|Any CPU.Build.0 = Release|Any CPU
	EndGlobalSection
	GlobalSection(SolutionProperties) = preSolution
		HideSolutionNode = FALSE
	EndGlobalSection
	GlobalSection(ExtensibilityGlobals) = postSolution
		SolutionGuid = {70D1A6D3-C8DA-46AD-9D02-D8967C42C24D}
	EndGlobalSection
EndGlobal
